
Microsoft Visual Studio Solution File, Format Version 12.00
# Visual Studio Version 17
VisualStudioVersion = 17.4.33205.214
MinimumVisualStudioVersion = 10.0.40219.1
Project("{FAE04EC0-301F-11D3-BF4B-00C04F79EFBC}") = "TrainStation", "TrainStation\TrainStation.csproj", "{C8DADCF8-8E06-42C4-8739-6FD9CDD13319}"
EndProject
Project("{FAE04EC0-301F-11D3-BF4B-00C04F79EFBC}") = "TrainStationTests", "TrainStationTests\TrainStationTests.csproj", "{F4D7C774-07DF-4352-9858-D589E16093BB}"
EndProject
Project("{2150E333-8FDC-42A3-9474-1A3956D46DE8}") = "Solution Items", "Solution Items", "{3EAE0841-BC86-4614-97DB-C759E1F9D83D}"
	ProjectSection(SolutionItems) = preProject
		StationScheme.png = StationScheme.png
	EndProjectSection
EndProject
Global
	GlobalSection(SolutionConfigurationPlatforms) = preSolution
		Debug|Any CPU = Debug|Any CPU
		Release|Any CPU = Release|Any CPU
	EndGlobalSection
	GlobalSection(ProjectConfigurationPlatforms) = postSolution
		{C8DADCF8-8E06-42C4-8739-6FD9CDD13319}.Debug|Any CPU.ActiveCfg = Debug|Any CPU
		{C8DADCF8-8E06-42C4-8739-6FD9CDD13319}.Debug|Any CPU.Build.0 = Debug|Any CPU
		{C8DADCF8-8E06-42C4-8739-6FD9CDD13319}.Release|Any CPU.ActiveCfg = Release|Any CPU
		{C8DADCF8-8E06-42C4-8739-6FD9CDD13319}.Release|Any CPU.Build.0 = Release|Any CPU
		{F4D7C774-07DF-4352-9858-D589E16093BB}.Debug|Any CPU.ActiveCfg = Debug|Any CPU
		{F4D7C774-07DF-4352-9858-D589E16093BB}.Debug|Any CPU.Build.0 = Debug|Any CPU
		{F4D7C774-07DF-4352-9858-D589E16093BB}.Release|Any CPU.ActiveCfg = Release|Any CPU
		{F4D7C774-07DF-4352-9858-D589E16093BB}.Release|Any CPU.Build.0 = Release|Any CPU
	EndGlobalSection
	GlobalSection(SolutionProperties) = preSolution
		HideSolutionNode = FALSE
	EndGlobalSection
	GlobalSection(ExtensibilityGlobals) = postSolution
		SolutionGuid = {B46AB844-5D08-42D8-9F75-FA76D95FB34A}
	EndGlobalSection
EndGlobal
